
Microsoft Visual Studio Solution File, Format Version 12.00
# Visual Studio Version 17
VisualStudioVersion = 17.7.34202.233
MinimumVisualStudioVersion = 10.0.40219.1
Project("{9A19103F-16F7-4668-BE54-9A1E7A4F7556}") = "CSharpDemo", "CSharpDemo.csproj", "{1225A777-3F58-47C5-80A8-70C8C3EE8FF9}"
EndProject
Project("{2150E333-8FDC-42A3-9474-1A3956D46DE8}") = "Solution Items", "Solution Items", "{8EC462FD-D22E-90A8-E5CE-7E832BA40C5D}"
	ProjectSection(SolutionItems) = preProject
		.gitignore = .gitignore
	EndProjectSection
EndProject
Global
	GlobalSection(SolutionConfigurationPlatforms) = preSolution
		Debug|Any CPU = Debug|Any CPU
		Release|Any CPU = Release|Any CPU
	EndGlobalSection
	GlobalSection(ProjectConfigurationPlatforms) = postSolution
		{1225A777-3F58-47C5-80A8-70C8C3EE8FF9}.Debug|Any CPU.ActiveCfg = Debug|Any CPU
		{1225A777-3F58-47C5-80A8-70C8C3EE8FF9}.Debug|Any CPU.Build.0 = Debug|Any CPU
		{1225A777-3F58-47C5-80A8-70C8C3EE8FF9}.Release|Any CPU.ActiveCfg = Release|Any CPU
		{1225A777-3F58-47C5-80A8-70C8C3EE8FF9}.Release|Any CPU.Build.0 = Release|Any CPU
	EndGlobalSection
	GlobalSection(SolutionProperties) = preSolution
		HideSolutionNode = FALSE
	EndGlobalSection
	GlobalSection(ExtensibilityGlobals) = postSolution
		SolutionGuid = {557D8087-5F4D-4A44-9099-7B04B23601C5}
	EndGlobalSection
EndGlobal
